
Microsoft Visual Studio Solution File, Format Version 12.00
# Visual Studio 15
Project("{FAE04EC0-301F-11D3-BF4B-00C04F79EFBC}") = "CrmApi", "CrmApi\CrmApi.csproj", "{03408149-998A-443F-88F9-840E46A427C7}"
EndProject
Project("{FAE04EC0-301F-11D3-BF4B-00C04F79EFBC}") = "CrmApiLogic", "CrmApiLogic\CrmApiLogic.csproj", "{38A48AFA-612D-4287-A6CF-7B6B272C0FBB}"
EndProject
Project("{FAE04EC0-301F-11D3-BF4B-00C04F79EFBC}") = "CrmTests", "CrmTests\CrmTests.csproj", "{A3CB0A00-3364-4F75-AB0C-1B434DC64D23}"
EndProject
Global
	GlobalSection(SolutionConfigurationPlatforms) = preSolution
		Debug|Any CPU = Debug|Any CPU
		Release|Any CPU = Release|Any CPU
	EndGlobalSection
	GlobalSection(ProjectConfigurationPlatforms) = postSolution
		{03408149-998A-443F-88F9-840E46A427C7}.Debug|Any CPU.ActiveCfg = Debug|Any CPU
		{03408149-998A-443F-88F9-840E46A427C7}.Debug|Any CPU.Build.0 = Debug|Any CPU
		{03408149-998A-443F-88F9-840E46A427C7}.Release|Any CPU.ActiveCfg = Release|Any CPU
		{03408149-998A-443F-88F9-840E46A427C7}.Release|Any CPU.Build.0 = Release|Any CPU
		{38A48AFA-612D-4287-A6CF-7B6B272C0FBB}.Debug|Any CPU.ActiveCfg = Debug|Any CPU
		{38A48AFA-612D-4287-A6CF-7B6B272C0FBB}.Debug|Any CPU.Build.0 = Debug|Any CPU
		{38A48AFA-612D-4287-A6CF-7B6B272C0FBB}.Release|Any CPU.ActiveCfg = Release|Any CPU
		{38A48AFA-612D-4287-A6CF-7B6B272C0FBB}.Release|Any CPU.Build.0 = Release|Any CPU
		{A3CB0A00-3364-4F75-AB0C-1B434DC64D23}.Debug|Any CPU.ActiveCfg = Debug|Any CPU
		{A3CB0A00-3364-4F75-AB0C-1B434DC64D23}.Debug|Any CPU.Build.0 = Debug|Any CPU
		{A3CB0A00-3364-4F75-AB0C-1B434DC64D23}.Release|Any CPU.ActiveCfg = Release|Any CPU
		{A3CB0A00-3364-4F75-AB0C-1B434DC64D23}.Release|Any CPU.Build.0 = Release|Any CPU
	EndGlobalSection
EndGlobal
